
Microsoft Visual Studio Solution File, Format Version 12.00
# Visual Studio Version 16
VisualStudioVersion = 16.0.28803.452
MinimumVisualStudioVersion = 10.0.40219.1
Project("{FAE04EC0-301F-11D3-BF4B-00C04F79EFBC}") = "Kui", "src\Kui.csproj", "{7B0F7D30-066C-4624-8850-CEE15FFBED44}"
EndProject
Global
	GlobalSection(SolutionConfigurationPlatforms) = preSolution
		Debug|Any CPU = Debug|Any CPU
		Release|Any CPU = Release|Any CPU
	EndGlobalSection
	GlobalSection(ProjectConfigurationPlatforms) = postSolution
		{7B0F7D30-066C-4624-8850-CEE15FFBED44}.Debug|Any CPU.ActiveCfg = Debug|Any CPU
		{7B0F7D30-066C-4624-8850-CEE15FFBED44}.Debug|Any CPU.Build.0 = Debug|Any CPU
		{7B0F7D30-066C-4624-8850-CEE15FFBED44}.Release|Any CPU.ActiveCfg = Release|Any CPU
		{7B0F7D30-066C-4624-8850-CEE15FFBED44}.Release|Any CPU.Build.0 = Release|Any CPU
	EndGlobalSection
	GlobalSection(SolutionProperties) = preSolution
		HideSolutionNode = FALSE
	EndGlobalSection
	GlobalSection(ExtensibilityGlobals) = postSolution
		SolutionGuid = {B6519E89-D2AF-4955-845F-F6DA24CC8774}
	EndGlobalSection
EndGlobal
